
Microsoft Visual Studio Solution File, Format Version 12.00
# Visual Studio Version 17
VisualStudioVersion = 17.5.33516.290
MinimumVisualStudioVersion = 10.0.40219.1
Project("{9A19103F-16F7-4668-BE54-9A1E7A4F7556}") = "FromScratch .net 5", "FromScratch .net 5\FromScratch .net 5.csproj", "{8AB46C59-5340-420F-94B3-C39B0FB8953C}"
EndProject
Project("{2150E333-8FDC-42A3-9474-1A3956D46DE8}") = "Solution Items", "Solution Items", "{B7172DA2-FFC6-4967-A5CB-B7C2CC928C7C}"
	ProjectSection(SolutionItems) = preProject
		.editorconfig = .editorconfig
	EndProjectSection
EndProject
Global
	GlobalSection(SolutionConfigurationPlatforms) = preSolution
		Debug|Any CPU = Debug|Any CPU
		Release|Any CPU = Release|Any CPU
	EndGlobalSection
	GlobalSection(ProjectConfigurationPlatforms) = postSolution
		{8AB46C59-5340-420F-94B3-C39B0FB8953C}.Debug|Any CPU.ActiveCfg = Debug|Any CPU
		{8AB46C59-5340-420F-94B3-C39B0FB8953C}.Debug|Any CPU.Build.0 = Debug|Any CPU
		{8AB46C59-5340-420F-94B3-C39B0FB8953C}.Release|Any CPU.ActiveCfg = Release|Any CPU
		{8AB46C59-5340-420F-94B3-C39B0FB8953C}.Release|Any CPU.Build.0 = Release|Any CPU
	EndGlobalSection
	GlobalSection(SolutionProperties) = preSolution
		HideSolutionNode = FALSE
	EndGlobalSection
	GlobalSection(ExtensibilityGlobals) = postSolution
		SolutionGuid = {1BAAB7CD-B48A-4709-8FA7-811A231F4439}
	EndGlobalSection
EndGlobal
